
Microsoft Visual Studio Solution File, Format Version 12.00
# Visual Studio Version 16
VisualStudioVersion = 16.0.30320.27
MinimumVisualStudioVersion = 10.0.40219.1
Project("{9A19103F-16F7-4668-BE54-9A1E7A4F7556}") = "ProjetoArray", "ProjetoArray\ProjetoArray.csproj", "{C9DADA0A-3931-4723-9B49-F28055D68DFC}"
EndProject
Project("{FAE04EC0-301F-11D3-BF4B-00C04F79EFBC}") = "DLLProjetoArray", "DLLProjetoArray\DLLProjetoArray.csproj", "{4A0A45D5-6930-430E-AA1E-382AB279308A}"
EndProject
Global
	GlobalSection(SolutionConfigurationPlatforms) = preSolution
		Debug|Any CPU = Debug|Any CPU
		Release|Any CPU = Release|Any CPU
	EndGlobalSection
	GlobalSection(ProjectConfigurationPlatforms) = postSolution
		{C9DADA0A-3931-4723-9B49-F28055D68DFC}.Debug|Any CPU.ActiveCfg = Debug|Any CPU
		{C9DADA0A-3931-4723-9B49-F28055D68DFC}.Debug|Any CPU.Build.0 = Debug|Any CPU
		{C9DADA0A-3931-4723-9B49-F28055D68DFC}.Release|Any CPU.ActiveCfg = Release|Any CPU
		{C9DADA0A-3931-4723-9B49-F28055D68DFC}.Release|Any CPU.Build.0 = Release|Any CPU
		{4A0A45D5-6930-430E-AA1E-382AB279308A}.Debug|Any CPU.ActiveCfg = Debug|Any CPU
		{4A0A45D5-6930-430E-AA1E-382AB279308A}.Debug|Any CPU.Build.0 = Debug|Any CPU
		{4A0A45D5-6930-430E-AA1E-382AB279308A}.Release|Any CPU.ActiveCfg = Release|Any CPU
		{4A0A45D5-6930-430E-AA1E-382AB279308A}.Release|Any CPU.Build.0 = Release|Any CPU
	EndGlobalSection
	GlobalSection(SolutionProperties) = preSolution
		HideSolutionNode = FALSE
	EndGlobalSection
	GlobalSection(ExtensibilityGlobals) = postSolution
		SolutionGuid = {2E2AD1B1-3653-4677-9378-CB9A62C04CF6}
	EndGlobalSection
EndGlobal
